
Microsoft Visual Studio Solution File, Format Version 12.00
# Visual Studio Version 17
VisualStudioVersion = 17.5.002.0
MinimumVisualStudioVersion = 10.0.40219.1
Project("{9A19103F-16F7-4668-BE54-9A1E7A4F7556}") = "ConsultaCEPAPIDotNet", "ConsultaCEPAPIDotNet.csproj", "{4FBA9A25-79E9-4FD9-8D2D-992A000D58DC}"
EndProject
Global
	GlobalSection(SolutionConfigurationPlatforms) = preSolution
		Debug|Any CPU = Debug|Any CPU
		Release|Any CPU = Release|Any CPU
	EndGlobalSection
	GlobalSection(ProjectConfigurationPlatforms) = postSolution
		{4FBA9A25-79E9-4FD9-8D2D-992A000D58DC}.Debug|Any CPU.ActiveCfg = Debug|Any CPU
		{4FBA9A25-79E9-4FD9-8D2D-992A000D58DC}.Debug|Any CPU.Build.0 = Debug|Any CPU
		{4FBA9A25-79E9-4FD9-8D2D-992A000D58DC}.Release|Any CPU.ActiveCfg = Release|Any CPU
		{4FBA9A25-79E9-4FD9-8D2D-992A000D58DC}.Release|Any CPU.Build.0 = Release|Any CPU
	EndGlobalSection
	GlobalSection(SolutionProperties) = preSolution
		HideSolutionNode = FALSE
	EndGlobalSection
	GlobalSection(ExtensibilityGlobals) = postSolution
		SolutionGuid = {EE79F12B-4D58-4CC3-94E7-BCD42075F429}
	EndGlobalSection
EndGlobal
